
Microsoft Visual Studio Solution File, Format Version 12.00
# Visual Studio Version 17
VisualStudioVersion = 17.1.32228.430
MinimumVisualStudioVersion = 10.0.40219.1
Project("{9A19103F-16F7-4668-BE54-9A1E7A4F7556}") = "Oop101", "Oop101\Oop101.csproj", "{F195380B-8281-4E32-80E5-759506D9361D}"
EndProject
Project("{2150E333-8FDC-42A3-9474-1A3956D46DE8}") = "1. Gün", "1. Gün", "{093E6A59-8968-4BCC-A6B9-D9728A2B6AB7}"
EndProject
Project("{2150E333-8FDC-42A3-9474-1A3956D46DE8}") = "2. Gün", "2. Gün", "{9E712A6D-712E-4473-AA21-0383A315D8B3}"
EndProject
Project("{9A19103F-16F7-4668-BE54-9A1E7A4F7556}") = "Oop101.Polymorphism", "Oop101.Polymorphism\Oop101.Polymorphism.csproj", "{A9D8B086-27B1-4880-87DA-D447851FF653}"
EndProject
Project("{2150E333-8FDC-42A3-9474-1A3956D46DE8}") = "3.Gün", "3.Gün", "{4BC09D7F-9F0C-403C-A073-CBDFCFD72BB0}"
EndProject
Project("{9A19103F-16F7-4668-BE54-9A1E7A4F7556}") = "MVC-101", "MVC-101\MVC-101.csproj", "{782A37D9-547D-4821-93E7-3237F0E2C8D4}"
EndProject
Project("{2150E333-8FDC-42A3-9474-1A3956D46DE8}") = "4.Gün", "4.Gün", "{D353826F-B5FA-4A58-BA5C-716D63D462E3}"
EndProject
Project("{9A19103F-16F7-4668-BE54-9A1E7A4F7556}") = "Identity101", "Identity101\Identity101.csproj", "{0010555D-196A-4E25-BEEC-3DE0A91AFF75}"
EndProject
Project("{2150E333-8FDC-42A3-9474-1A3956D46DE8}") = "5.Gün", "5.Gün", "{A6B5D16C-7CAB-4A63-A06D-7F10AE69578B}"
EndProject
Project("{9A19103F-16F7-4668-BE54-9A1E7A4F7556}") = "WebApplication1", "WebApplication1\WebApplication1.csproj", "{DB9FB978-16B5-48A9-B575-32FCFFECE0DE}"
EndProject
Project("{2150E333-8FDC-42A3-9474-1A3956D46DE8}") = "6.Gün", "6.Gün", "{467CA428-CD13-4977-8CFB-967C75B0D5CE}"
EndProject
Project("{9A19103F-16F7-4668-BE54-9A1E7A4F7556}") = "AdminTemplate", "AdminTemplate\AdminTemplate.csproj", "{9F017892-3ACB-43DB-BD82-E597CF52C377}"
EndProject
Project("{2150E333-8FDC-42A3-9474-1A3956D46DE8}") = "7.Gün", "7.Gün", "{E3938389-B9EA-4D3E-9098-6DDCC1268D48}"
EndProject
Project("{FAE04EC0-301F-11D3-BF4B-00C04F79EFBC}") = "WissenShop.Core", "WissenShop.Core\WissenShop.Core.csproj", "{0DA8B3A7-E4B4-4C7F-8808-460452B199B0}"
EndProject
Project("{FAE04EC0-301F-11D3-BF4B-00C04F79EFBC}") = "WissenShop.Data", "WissenShop.Data\WissenShop.Data.csproj", "{525CF154-B0DE-4211-81ED-2BB663263F86}"
EndProject
Global
	GlobalSection(SolutionConfigurationPlatforms) = preSolution
		Debug|Any CPU = Debug|Any CPU
		Release|Any CPU = Release|Any CPU
	EndGlobalSection
	GlobalSection(ProjectConfigurationPlatforms) = postSolution
		{F195380B-8281-4E32-80E5-759506D9361D}.Debug|Any CPU.ActiveCfg = Debug|Any CPU
		{F195380B-8281-4E32-80E5-759506D9361D}.Debug|Any CPU.Build.0 = Debug|Any CPU
		{F195380B-8281-4E32-80E5-759506D9361D}.Release|Any CPU.ActiveCfg = Release|Any CPU
		{F195380B-8281-4E32-80E5-759506D9361D}.Release|Any CPU.Build.0 = Release|Any CPU
		{A9D8B086-27B1-4880-87DA-D447851FF653}.Debug|Any CPU.ActiveCfg = Debug|Any CPU
		{A9D8B086-27B1-4880-87DA-D447851FF653}.Debug|Any CPU.Build.0 = Debug|Any CPU
		{A9D8B086-27B1-4880-87DA-D447851FF653}.Release|Any CPU.ActiveCfg = Release|Any CPU
		{A9D8B086-27B1-4880-87DA-D447851FF653}.Release|Any CPU.Build.0 = Release|Any CPU
		{782A37D9-547D-4821-93E7-3237F0E2C8D4}.Debug|Any CPU.ActiveCfg = Debug|Any CPU
		{782A37D9-547D-4821-93E7-3237F0E2C8D4}.Debug|Any CPU.Build.0 = Debug|Any CPU
		{782A37D9-547D-4821-93E7-3237F0E2C8D4}.Release|Any CPU.ActiveCfg = Release|Any CPU
		{782A37D9-547D-4821-93E7-3237F0E2C8D4}.Release|Any CPU.Build.0 = Release|Any CPU
		{0010555D-196A-4E25-BEEC-3DE0A91AFF75}.Debug|Any CPU.ActiveCfg = Debug|Any CPU
		{0010555D-196A-4E25-BEEC-3DE0A91AFF75}.Debug|Any CPU.Build.0 = Debug|Any CPU
		{0010555D-196A-4E25-BEEC-3DE0A91AFF75}.Release|Any CPU.ActiveCfg = Release|Any CPU
		{0010555D-196A-4E25-BEEC-3DE0A91AFF75}.Release|Any CPU.Build.0 = Release|Any CPU
		{DB9FB978-16B5-48A9-B575-32FCFFECE0DE}.Debug|Any CPU.ActiveCfg = Debug|Any CPU
		{DB9FB978-16B5-48A9-B575-32FCFFECE0DE}.Debug|Any CPU.Build.0 = Debug|Any CPU
		{DB9FB978-16B5-48A9-B575-32FCFFECE0DE}.Release|Any CPU.ActiveCfg = Release|Any CPU
		{DB9FB978-16B5-48A9-B575-32FCFFECE0DE}.Release|Any CPU.Build.0 = Release|Any CPU
		{9F017892-3ACB-43DB-BD82-E597CF52C377}.Debug|Any CPU.ActiveCfg = Debug|Any CPU
		{9F017892-3ACB-43DB-BD82-E597CF52C377}.Debug|Any CPU.Build.0 = Debug|Any CPU
		{9F017892-3ACB-43DB-BD82-E597CF52C377}.Release|Any CPU.ActiveCfg = Release|Any CPU
		{9F017892-3ACB-43DB-BD82-E597CF52C377}.Release|Any CPU.Build.0 = Release|Any CPU
		{0DA8B3A7-E4B4-4C7F-8808-460452B199B0}.Debug|Any CPU.ActiveCfg = Debug|Any CPU
		{0DA8B3A7-E4B4-4C7F-8808-460452B199B0}.Debug|Any CPU.Build.0 = Debug|Any CPU
		{0DA8B3A7-E4B4-4C7F-8808-460452B199B0}.Release|Any CPU.ActiveCfg = Release|Any CPU
		{0DA8B3A7-E4B4-4C7F-8808-460452B199B0}.Release|Any CPU.Build.0 = Release|Any CPU
		{525CF154-B0DE-4211-81ED-2BB663263F86}.Debug|Any CPU.ActiveCfg = Debug|Any CPU
		{525CF154-B0DE-4211-81ED-2BB663263F86}.Debug|Any CPU.Build.0 = Debug|Any CPU
		{525CF154-B0DE-4211-81ED-2BB663263F86}.Release|Any CPU.ActiveCfg = Release|Any CPU
		{525CF154-B0DE-4211-81ED-2BB663263F86}.Release|Any CPU.Build.0 = Release|Any CPU
	EndGlobalSection
	GlobalSection(SolutionProperties) = preSolution
		HideSolutionNode = FALSE
	EndGlobalSection
	GlobalSection(NestedProjects) = preSolution
		{F195380B-8281-4E32-80E5-759506D9361D} = {093E6A59-8968-4BCC-A6B9-D9728A2B6AB7}
		{A9D8B086-27B1-4880-87DA-D447851FF653} = {9E712A6D-712E-4473-AA21-0383A315D8B3}
		{782A37D9-547D-4821-93E7-3237F0E2C8D4} = {4BC09D7F-9F0C-403C-A073-CBDFCFD72BB0}
		{0010555D-196A-4E25-BEEC-3DE0A91AFF75} = {D353826F-B5FA-4A58-BA5C-716D63D462E3}
		{DB9FB978-16B5-48A9-B575-32FCFFECE0DE} = {A6B5D16C-7CAB-4A63-A06D-7F10AE69578B}
		{9F017892-3ACB-43DB-BD82-E597CF52C377} = {467CA428-CD13-4977-8CFB-967C75B0D5CE}
		{0DA8B3A7-E4B4-4C7F-8808-460452B199B0} = {E3938389-B9EA-4D3E-9098-6DDCC1268D48}
		{525CF154-B0DE-4211-81ED-2BB663263F86} = {E3938389-B9EA-4D3E-9098-6DDCC1268D48}
	EndGlobalSection
	GlobalSection(ExtensibilityGlobals) = postSolution
		SolutionGuid = {D57083F0-E72C-4B16-A028-C7AB242E7EA5}
	EndGlobalSection
EndGlobal
